{
  "nodes": {
    "flake-utils": {
      "locked": {
        "lastModified": 1680946745,
        "narHash": "sha256-KqGlwg9UTDsFBZZB8wzXgMnc8XQm95LtSbFvBsnqkPI=",
        "owner": "numtide",
        "repo": "flake-utils",
        "rev": "946da791763db1c306b86a8bd3828bf5814a1247",
        "type": "github"
      },
      "original": {
        "owner": "numtide",
        "repo": "flake-utils",
        "type": "github"
      }
    },
    "naersk": {
      "inputs": {
        "nixpkgs": "nixpkgs"
      },
      "locked": {
        "lastModified": 1679567394,
        "narHash": "sha256-ZvLuzPeARDLiQUt6zSZFGOs+HZmE+3g4QURc8mkBsfM=",
        "owner": "nix-community",
        "repo": "naersk",
        "rev": "88cd22380154a2c36799fe8098888f0f59861a15",
        "type": "github"
      },
      "original": {
        "owner": "nix-community",
        "repo": "naersk",
        "type": "github"
      }
    },
    "nixpkgs": {
      "locked": {
        "lastModified": 1680911900,
        "narHash": "sha256-3/OTHpyhzqxQnpbCfiR3IudQnBbFsR2XtndFWSlLIyw=",
        "owner": "NixOS",
        "repo": "nixpkgs",
        "rev": "2e7d54cfde8439d391d8b2f7d00701a519103303",
        "type": "github"
      },
      "original": {
        "id": "nixpkgs",
        "type": "indirect"
      }
    },
    "nixpkgs_2": {
      "locked": {
        "lastModified": 1672580127,
        "narHash": "sha256-3lW3xZslREhJogoOkjeZtlBtvFMyxHku7I/9IVehhT8=",
        "owner": "NixOS",
        "repo": "nixpkgs",
        "rev": "0874168639713f547c05947c76124f78441ea46c",
        "type": "github"
      },
      "original": {
        "owner": "NixOS",
        "ref": "release-22.05",
        "repo": "nixpkgs",
        "type": "github"
      }
    },
    "root": {
      "inputs": {
        "flake-utils": "flake-utils",
        "naersk": "naersk",
        "nixpkgs": "nixpkgs_2"
      }
    }
  },
  "root": "root",
  "version": 7
}
